// !$*UTF8*$!
{
	archiveVersion = 1;
	classes = {
	};
	objectVersion = 46;
	objects = {

/* Begin PBXBuildFile section */
		55D00EF01951360C00E4D463 /* AppDelegate.swift in Sources */ = {isa = PBXBuildFile; fileRef = 55D00EEF1951360C00E4D463 /* AppDelegate.swift */; };
		55D00EF21951360C00E4D463 /* Images.xcassets in Resources */ = {isa = PBXBuildFile; fileRef = 55D00EF11951360C00E4D463 /* Images.xcassets */; };
		55D00EFE1951360C00E4D463 /* TableViewtoDetailViewTests.swift in Sources */ = {isa = PBXBuildFile; fileRef = 55D00EFD1951360C00E4D463 /* TableViewtoDetailViewTests.swift */; };
/* End PBXBuildFile section */

/* Begin PBXContainerItemProxy section */
		55D00EF81951360C00E4D463 /* PBXContainerItemProxy */ = {
			isa = PBXContainerItemProxy;
			containerPortal = 55D00EE21951360C00E4D463 /* Project object */;
			proxyType = 1;
			remoteGlobalIDString = 55D00EE91951360C00E4D463;
			remoteInfo = TableViewtoDetailView;
		};
/* End PBXContainerItemProxy section */

/* Begin PBXFileReference section */
		55D00EEA1951360C00E4D463 /* TableViewtoDetailView.app */ = {isa = PBXFileReference; explicitFileType = wrapper.application; includeInIndex = 0; path = TableViewtoDetailView.app; sourceTree = BUILT_PRODUCTS_DIR; };
		55D00EEE1951360C00E4D463 /* Info.plist */ = {isa = PBXFileReference; lastKnownFileType = text.plist.xml; path = Info.plist; sourceTree = "<group>"; };
		55D00EEF1951360C00E4D463 /* AppDelegate.swift */ = {isa = PBXFileReference; lastKnownFileType = sourcecode.swift; path = AppDelegate.swift; sourceTree = "<group>"; };
		55D00EF11951360C00E4D463 /* Images.xcassets */ = {isa = PBXFileReference; lastKnownFileType = folder.assetcatalog; path = Images.xcassets; sourceTree = "<group>"; };
		55D00EF71951360C00E4D463 /* TableViewtoDetailViewTests.xctest */ = {isa = PBXFileReference; explicitFileType = wrapper.cfbundle; includeInIndex = 0; path = TableViewtoDetailViewTests.xctest; sourceTree = BUILT_PRODUCTS_DIR; };
		55D00EFC1951360C00E4D463 /* Info.plist */ = {isa = PBXFileReference; lastKnownFileType = text.plist.xml; path = Info.plist; sourceTree = "<group>"; };
		55D00EFD1951360C00E4D463 /* TableViewtoDetailViewTests.swift */ = {isa = PBXFileReference; lastKnownFileType = sourcecode.swift; path = TableViewtoDetailViewTests.swift; sourceTree = "<group>"; };
/* End PBXFileReference section */

/* Begin PBXFrameworksBuildPhase section */
		55D00EE71951360C00E4D463 /* Frameworks */ = {
			isa = PBXFrameworksBuildPhase;
			buildActionMask = 2147483647;
			files = (
			);
			runOnlyForDeploymentPostprocessing = 0;
		};
		55D00EF41951360C00E4D463 /* Frameworks */ = {
			isa = PBXFrameworksBuildPhase;
			buildActionMask = 2147483647;
			files = (
			);
			runOnlyForDeploymentPostprocessing = 0;
		};
/* End PBXFrameworksBuildPhase section */

/* Begin PBXGroup section */
		55D00EE11951360C00E4D463 = {
			isa = PBXGroup;
			children = (
				55D00EEC1951360C00E4D463 /* TableViewtoDetailView */,
				55D00EFA1951360C00E4D463 /* TableViewtoDetailViewTests */,
				55D00EEB1951360C00E4D463 /* Products */,
			);
			sourceTree = "<group>";
		};
		55D00EEB1951360C00E4D463 /* Products */ = {
			isa = PBXGroup;
			children = (
				55D00EEA1951360C00E4D463 /* TableViewtoDetailView.app */,
				55D00EF71951360C00E4D463 /* TableViewtoDetailViewTests.xctest */,
			);
			name = Products;
			sourceTree = "<group>";
		};
		55D00EEC1951360C00E4D463 /* TableViewtoDetailView */ = {
			isa = PBXGroup;
			children = (
				55D00EEF1951360C00E4D463 /* AppDelegate.swift */,
				55D00EF11951360C00E4D463 /* Images.xcassets */,
				55D00EED1951360C00E4D463 /* Supporting Files */,
			);
			path = TableViewtoDetailView;
			sourceTree = "<group>";
		};
		55D00EED1951360C00E4D463 /* Supporting Files */ = {
			isa = PBXGroup;
			children = (
				55D00EEE1951360C00E4D463 /* Info.plist */,
			);
			name = "Supporting Files";
			sourceTree = "<group>";
		};
		55D00EFA1951360C00E4D463 /* TableViewtoDetailViewTests */ = {
			isa = PBXGroup;
			children = (
				55D00EFD1951360C00E4D463 /* TableViewtoDetailViewTests.swift */,
				55D00EFB1951360C00E4D463 /* Supporting Files */,
			);
			path = TableViewtoDetailViewTests;
			sourceTree = "<group>";
		};
		55D00EFB1951360C00E4D463 /* Supporting Files */ = {
			isa = PBXGroup;
			children = (
				55D00EFC1951360C00E4D463 /* Info.plist */,
			);
			name = "Supporting Files";
			sourceTree = "<group>";
		};
/* End PBXGroup section */

/* Begin PBXNativeTarget section */
		55D00EE91951360C00E4D463 /* TableViewtoDetailView */ = {
			isa = PBXNativeTarget;
			buildConfigurationList = 55D00F011951360C00E4D463 /* Build configuration list for PBXNativeTarget "TableViewtoDetailView" */;
			buildPhases = (
				55D00EE61951360C00E4D463 /* Sources */,
				55D00EE71951360C00E4D463 /* Frameworks */,
				55D00EE81951360C00E4D463 /* Resources */,
			);
			buildRules = (
			);
			dependencies = (
			);
			name = TableViewtoDetailView;
			productName = TableViewtoDetailView;
			productReference = 55D00EEA1951360C00E4D463 /* TableViewtoDetailView.app */;
			productType = "com.apple.product-type.application";
		};
		55D00EF61951360C00E4D463 /* TableViewtoDetailViewTests */ = {
			isa = PBXNativeTarget;
			buildConfigurationList = 55D00F041951360C00E4D463 /* Build configuration list for PBXNativeTarget "TableViewtoDetailViewTests" */;
			buildPhases = (
				55D00EF31951360C00E4D463 /* Sources */,
				55D00EF41951360C00E4D463 /* Frameworks */,
				55D00EF51951360C00E4D463 /* Resources */,
			);
			buildRules = (
			);
			dependencies = (
				55D00EF91951360C00E4D463 /* PBXTargetDependency */,
			);
			name = TableViewtoDetailViewTests;
			productName = TableViewtoDetailViewTests;
			productReference = 55D00EF71951360C00E4D463 /* TableViewtoDetailViewTests.xctest */;
			productType = "com.apple.product-type.bundle.unit-test";
		};
/* End PBXNativeTarget section */

/* Begin PBXProject section */
		55D00EE21951360C00E4D463 /* Project object */ = {
			isa = PBXProject;
			attributes = {
				LastUpgradeCheck = 0600;
				ORGANIZATIONNAME = rhinoIO;
				TargetAttributes = {
					55D00EE91951360C00E4D463 = {
						CreatedOnToolsVersion = 6.0;
					};
					55D00EF61951360C00E4D463 = {
						CreatedOnToolsVersion = 6.0;
						TestTargetID = 55D00EE91951360C00E4D463;
					};
				};
			};
			buildConfigurationList = 55D00EE51951360C00E4D463 /* Build configuration list for PBXProject "TableViewtoDetailView" */;
			compatibilityVersion = "Xcode 3.2";
			developmentRegion = English;
			hasScannedForEncodings = 0;
			knownRegions = (
				en,
			);
			mainGroup = 55D00EE11951360C00E4D463;
			productRefGroup = 55D00EEB1951360C00E4D463 /* Products */;
			projectDirPath = "";
			projectRoot = "";
			targets = (
				55D00EE91951360C00E4D463 /* TableViewtoDetailView */,
				55D00EF61951360C00E4D463 /* TableViewtoDetailViewTests */,
			);
		};
/* End PBXProject section */

/* Begin PBXResourcesBuildPhase section */
		55D00EE81951360C00E4D463 /* Resources */ = {
			isa = PBXResourcesBuildPhase;
			buildActionMask = 2147483647;
			files = (
				55D00EF21951360C00E4D463 /* Images.xcassets in Resources */,
			);
			runOnlyForDeploymentPostprocessing = 0;
		};
		55D00EF51951360C00E4D463 /* Resources */ = {
			isa = PBXResourcesBuildPhase;
			buildActionMask = 2147483647;
			files = (
			);
			runOnlyForDeploymentPostprocessing = 0;
		};
/* End PBXResourcesBuildPhase section */

/* Begin PBXSourcesBuildPhase section */
		55D00EE61951360C00E4D463 /* Sources */ = {
			isa = PBXSourcesBuildPhase;
			buildActionMask = 2147483647;
			files = (
				55D00EF01951360C00E4D463 /* AppDelegate.swift in Sources */,
			);
			runOnlyForDeploymentPostprocessing = 0;
		};
		55D00EF31951360C00E4D463 /* Sources */ = {
			isa = PBXSourcesBuildPhase;
			buildActionMask = 2147483647;
			files = (
				55D00EFE1951360C00E4D463 /* TableViewtoDetailViewTests.swift in Sources */,
			);
			runOnlyForDeploymentPostprocessing = 0;
		};
/* End PBXSourcesBuildPhase section */

/* Begin PBXTargetDependency section */
		55D00EF91951360C00E4D463 /* PBXTargetDependency */ = {
			isa = PBXTargetDependency;
			target = 55D00EE91951360C00E4D463 /* TableViewtoDetailView */;
			targetProxy = 55D00EF81951360C00E4D463 /* PBXContainerItemProxy */;
		};
/* End PBXTargetDependency section */

/* Begin XCBuildConfiguration section */
		55D00EFF1951360C00E4D463 /* Debug */ = {
			isa = XCBuildConfiguration;
			buildSettings = {
				ALWAYS_SEARCH_USER_PATHS = NO;
				CLANG_CXX_LANGUAGE_STANDARD = "gnu++0x";
				CLANG_CXX_LIBRARY = "libc++";
				CLANG_ENABLE_MODULES = YES;
				CLANG_ENABLE_OBJC_ARC = YES;
				CLANG_WARN_BOOL_CONVERSION = YES;
				CLANG_WARN_CONSTANT_CONVERSION = YES;
				CLANG_WARN_DIRECT_OBJC_ISA_USAGE = YES_ERROR;
				CLANG_WARN_EMPTY_BODY = YES;
				CLANG_WARN_ENUM_CONVERSION = YES;
				CLANG_WARN_INT_CONVERSION = YES;
				CLANG_WARN_OBJC_ROOT_CLASS = YES_ERROR;
				CLANG_WARN_UNREACHABLE_CODE = YES;
				CLANG_WARN__DUPLICATE_METHOD_MATCH = YES;
				"CODE_SIGN_IDENTITY[sdk=iphoneos*]" = "iPhone Developer";
				COPY_PHASE_STRIP = NO;
				ENABLE_STRICT_OBJC_MSGSEND = YES;
				GCC_C_LANGUAGE_STANDARD = gnu99;
				GCC_DYNAMIC_NO_PIC = NO;
				GCC_OPTIMIZATION_LEVEL = 0;
				GCC_PREPROCESSOR_DEFINITIONS = (
					"DEBUG=1",
					"$(inherited)",
				);
				GCC_SYMBOLS_PRIVATE_EXTERN = NO;
				GCC_WARN_64_TO_32_BIT_CONVERSION = YES;
				GCC_WARN_ABOUT_RETURN_TYPE = YES_ERROR;
				GCC_WARN_UNDECLARED_SELECTOR = YES;
				GCC_WARN_UNINITIALIZED_AUTOS = YES_AGGRESSIVE;
				GCC_WARN_UNUSED_FUNCTION = YES;
				GCC_WARN_UNUSED_VARIABLE = YES;
				IPHONEOS_DEPLOYMENT_TARGET = 8.0;
				METAL_ENABLE_DEBUG_INFO = YES;
				ONLY_ACTIVE_ARCH = YES;
				SDKROOT = iphoneos;
				SWIFT_OPTIMIZATION_LEVEL = "-Onone";
			};
			name = Debug;
		};
		55D00F001951360C00E4D463 /* Release */ = {
			isa = XCBuildConfiguration;
			buildSettings = {
				ALWAYS_SEARCH_USER_PATHS = NO;
				CLANG_CXX_LANGUAGE_STANDARD = "gnu++0x";
				CLANG_CXX_LIBRARY = "libc++";
				CLANG_ENABLE_MODULES = YES;
				CLANG_ENABLE_OBJC_ARC = YES;
				CLANG_WARN_BOOL_CONVERSION = YES;
				CLANG_WARN_CONSTANT_CONVERSION = YES;
				CLANG_WARN_DIRECT_OBJC_ISA_USAGE = YES_ERROR;
				CLANG_WARN_EMPTY_BODY = YES;
				CLANG_WARN_ENUM_CONVERSION = YES;
				CLANG_WARN_INT_CONVERSION = YES;
				CLANG_WARN_OBJC_ROOT_CLASS = YES_ERROR;
				CLANG_WARN_UNREACHABLE_CODE = YES;
				CLANG_WARN__DUPLICATE_METHOD_MATCH = YES;
				"CODE_SIGN_IDENTITY[sdk=iphoneos*]" = "iPhone Developer";
				COPY_PHASE_STRIP = YES;
				ENABLE_NS_ASSERTIONS = NO;
				ENABLE_STRICT_OBJC_MSGSEND = YES;
				GCC_C_LANGUAGE_STANDARD = gnu99;
				GCC_WARN_64_TO_32_BIT_CONVERSION = YES;
				GCC_WARN_ABOUT_RETURN_TYPE = YES_ERROR;
				GCC_WARN_UNDECLARED_SELECTOR = YES;
				GCC_WARN_UNINITIALIZED_AUTOS = YES_AGGRESSIVE;
				GCC_WARN_UNUSED_FUNCTION = YES;
				GCC_WARN_UNUSED_VARIABLE = YES;
				IPHONEOS_DEPLOYMENT_TARGET = 8.0;
				METAL_ENABLE_DEBUG_INFO = NO;
				SDKROOT = iphoneos;
				VALIDATE_PRODUCT = YES;
			};
			name = Release;
		};
		55D00F021951360C00E4D463 /* Debug */ = {
			isa = XCBuildConfiguration;
			buildSettings = {
				ASSETCATALOG_COMPILER_APPICON_NAME = AppIcon;
				ASSETCATALOG_COMPILER_LAUNCHIMAGE_NAME = LaunchImage;
				INFOPLIST_FILE = TableViewtoDetailView/Info.plist;
				LD_RUNPATH_SEARCH_PATHS = "$(inherited) @executable_path/Frameworks";
				PRODUCT_NAME = "$(TARGET_NAME)";
			};
			name = Debug;
		};
		55D00F031951360C00E4D463 /* Release */ = {
			isa = XCBuildConfiguration;
			buildSettings = {
				ASSETCATALOG_COMPILER_APPICON_NAME = AppIcon;
				ASSETCATALOG_COMPILER_LAUNCHIMAGE_NAME = LaunchImage;
				INFOPLIST_FILE = TableViewtoDetailView/Info.plist;
				LD_RUNPATH_SEARCH_PATHS = "$(inherited) @executable_path/Frameworks";
				PRODUCT_NAME = "$(TARGET_NAME)";
			};
			name = Release;
		};
		55D00F051951360C00E4D463 /* Debug */ = {
			isa = XCBuildConfiguration;
			buildSettings = {
				BUNDLE_LOADER = "$(BUILT_PRODUCTS_DIR)/TableViewtoDetailView.app/TableViewtoDetailView";
				FRAMEWORK_SEARCH_PATHS = (
					"$(SDKROOT)/Developer/Library/Frameworks",
					"$(inherited)",
				);
				GCC_PREPROCESSOR_DEFINITIONS = (
					"DEBUG=1",
					"$(inherited)",
				);
				INFOPLIST_FILE = TableViewtoDetailViewTests/Info.plist;
				LD_RUNPATH_SEARCH_PATHS = "$(inherited) @executable_path/Frameworks @loader_path/Frameworks";
				METAL_ENABLE_DEBUG_INFO = YES;
				PRODUCT_NAME = "$(TARGET_NAME)";
				TEST_HOST = "$(BUNDLE_LOADER)";
			};
			name = Debug;
		};
		55D00F061951360C00E4D463 /* Release */ = {
			isa = XCBuildConfiguration;
			buildSettings = {
				BUNDLE_LOADER = "$(BUILT_PRODUCTS_DIR)/TableViewtoDetailView.app/TableViewtoDetailView";
				FRAMEWORK_SEARCH_PATHS = (
					"$(SDKROOT)/Developer/Library/Frameworks",
					"$(inherited)",
				);
				INFOPLIST_FILE = TableViewtoDetailViewTests/Info.plist;
				LD_RUNPATH_SEARCH_PATHS = "$(inherited) @executable_path/Frameworks @loader_path/Frameworks";
				METAL_ENABLE_DEBUG_INFO = NO;
				PRODUCT_NAME = "$(TARGET_NAME)";
				TEST_HOST = "$(BUNDLE_LOADER)";
			};
			name = Release;
		};
/* End XCBuildConfiguration section */

/* Begin XCConfigurationList section */
		55D00EE51951360C00E4D463 /* Build configuration list for PBXProject "TableViewtoDetailView" */ = {
			isa = XCConfigurationList;
			buildConfigurations = (
				55D00EFF1951360C00E4D463 /* Debug */,
				55D00F001951360C00E4D463 /* Release */,
			);
			defaultConfigurationIsVisible = 0;
			defaultConfigurationName = Release;
		};
		55D00F011951360C00E4D463 /* Build configuration list for PBXNativeTarget "TableViewtoDetailView" */ = {
			isa = XCConfigurationList;
			buildConfigurations = (
				55D00F021951360C00E4D463 /* Debug */,
				55D00F031951360C00E4D463 /* Release */,
			);
			defaultConfigurationIsVisible = 0;
		};
		55D00F041951360C00E4D463 /* Build configuration list for PBXNativeTarget "TableViewtoDetailViewTests" */ = {
			isa = XCConfigurationList;
			buildConfigurations = (
				55D00F051951360C00E4D463 /* Debug */,
				55D00F061951360C00E4D463 /* Release */,
			);
			defaultConfigurationIsVisible = 0;
		};
/* End XCConfigurationList section */
	};
	rootObject = 55D00EE21951360C00E4D463 /* Project object */;
}
